// !$*UTF8*$!
{
	archiveVersion = 1;
	classes = {
	};
	objectVersion = 56;
	objects = {

/* Begin PBXBuildFile section */
		A0C9B46C2A4BA11E00AE987D /* millesApp.swift in Sources */ = {isa = PBXBuildFile; fileRef = A0C9B46B2A4BA11E00AE987D /* millesApp.swift */; };
		A0C9B4702A4BA12000AE987D /* Assets.xcassets in Resources */ = {isa = PBXBuildFile; fileRef = A0C9B46F2A4BA12000AE987D /* Assets.xcassets */; };
		A0C9B4732A4BA12000AE987D /* Preview Assets.xcassets in Resources */ = {isa = PBXBuildFile; fileRef = A0C9B4722A4BA12000AE987D /* Preview Assets.xcassets */; };
		A0C9B47D2A4BA12000AE987D /* millesTests.swift in Sources */ = {isa = PBXBuildFile; fileRef = A0C9B47C2A4BA12000AE987D /* millesTests.swift */; };
		A0C9B4872A4BA12000AE987D /* millesUITests.swift in Sources */ = {isa = PBXBuildFile; fileRef = A0C9B4862A4BA12000AE987D /* millesUITests.swift */; };
		A0C9B4892A4BA12000AE987D /* millesUITestsLaunchTests.swift in Sources */ = {isa = PBXBuildFile; fileRef = A0C9B4882A4BA12000AE987D /* millesUITestsLaunchTests.swift */; };
		A0C9B4992A4BA3F700AE987D /* MillesView.swift in Sources */ = {isa = PBXBuildFile; fileRef = A0C9B4982A4BA3F700AE987D /* MillesView.swift */; };
		A0C9B49B2A4BA43000AE987D /* MillesView_Preview.swift in Sources */ = {isa = PBXBuildFile; fileRef = A0C9B49A2A4BA43000AE987D /* MillesView_Preview.swift */; };
/* End PBXBuildFile section */

/* Begin PBXContainerItemProxy section */
		A0C9B4792A4BA12000AE987D /* PBXContainerItemProxy */ = {
			isa = PBXContainerItemProxy;
			containerPortal = A0C9B4602A4BA11E00AE987D /* Project object */;
			proxyType = 1;
			remoteGlobalIDString = A0C9B4672A4BA11E00AE987D;
			remoteInfo = milles;
		};
		A0C9B4832A4BA12000AE987D /* PBXContainerItemProxy */ = {
			isa = PBXContainerItemProxy;
			containerPortal = A0C9B4602A4BA11E00AE987D /* Project object */;
			proxyType = 1;
			remoteGlobalIDString = A0C9B4672A4BA11E00AE987D;
			remoteInfo = milles;
		};
/* End PBXContainerItemProxy section */

/* Begin PBXFileReference section */
		A0C9B4682A4BA11E00AE987D /* milles.app */ = {isa = PBXFileReference; explicitFileType = wrapper.application; includeInIndex = 0; path = milles.app; sourceTree = BUILT_PRODUCTS_DIR; };
		A0C9B46B2A4BA11E00AE987D /* millesApp.swift */ = {isa = PBXFileReference; lastKnownFileType = sourcecode.swift; path = millesApp.swift; sourceTree = "<group>"; };
		A0C9B46F2A4BA12000AE987D /* Assets.xcassets */ = {isa = PBXFileReference; lastKnownFileType = folder.assetcatalog; path = Assets.xcassets; sourceTree = "<group>"; };
		A0C9B4722A4BA12000AE987D /* Preview Assets.xcassets */ = {isa = PBXFileReference; lastKnownFileType = folder.assetcatalog; path = "Preview Assets.xcassets"; sourceTree = "<group>"; };
		A0C9B4782A4BA12000AE987D /* millesTests.xctest */ = {isa = PBXFileReference; explicitFileType = wrapper.cfbundle; includeInIndex = 0; path = millesTests.xctest; sourceTree = BUILT_PRODUCTS_DIR; };
		A0C9B47C2A4BA12000AE987D /* millesTests.swift */ = {isa = PBXFileReference; lastKnownFileType = sourcecode.swift; path = millesTests.swift; sourceTree = "<group>"; };
		A0C9B4822A4BA12000AE987D /* millesUITests.xctest */ = {isa = PBXFileReference; explicitFileType = wrapper.cfbundle; includeInIndex = 0; path = millesUITests.xctest; sourceTree = BUILT_PRODUCTS_DIR; };
		A0C9B4862A4BA12000AE987D /* millesUITests.swift */ = {isa = PBXFileReference; lastKnownFileType = sourcecode.swift; path = millesUITests.swift; sourceTree = "<group>"; };
		A0C9B4882A4BA12000AE987D /* millesUITestsLaunchTests.swift */ = {isa = PBXFileReference; lastKnownFileType = sourcecode.swift; path = millesUITestsLaunchTests.swift; sourceTree = "<group>"; };
		A0C9B4982A4BA3F700AE987D /* MillesView.swift */ = {isa = PBXFileReference; lastKnownFileType = sourcecode.swift; path = MillesView.swift; sourceTree = "<group>"; };
		A0C9B49A2A4BA43000AE987D /* MillesView_Preview.swift */ = {isa = PBXFileReference; lastKnownFileType = sourcecode.swift; path = MillesView_Preview.swift; sourceTree = "<group>"; };
/* End PBXFileReference section */

/* Begin PBXFrameworksBuildPhase section */
		A0C9B4652A4BA11E00AE987D /* Frameworks */ = {
			isa = PBXFrameworksBuildPhase;
			buildActionMask = 2147483647;
			files = (
			);
			runOnlyForDeploymentPostprocessing = 0;
		};
		A0C9B4752A4BA12000AE987D /* Frameworks */ = {
			isa = PBXFrameworksBuildPhase;
			buildActionMask = 2147483647;
			files = (
			);
			runOnlyForDeploymentPostprocessing = 0;
		};
		A0C9B47F2A4BA12000AE987D /* Frameworks */ = {
			isa = PBXFrameworksBuildPhase;
			buildActionMask = 2147483647;
			files = (
			);
			runOnlyForDeploymentPostprocessing = 0;
		};
/* End PBXFrameworksBuildPhase section */

/* Begin PBXGroup section */
		A0C9B45F2A4BA11E00AE987D = {
			isa = PBXGroup;
			children = (
				A0C9B46A2A4BA11E00AE987D /* milles */,
				A0C9B47B2A4BA12000AE987D /* millesTests */,
				A0C9B4852A4BA12000AE987D /* millesUITests */,
				A0C9B4692A4BA11E00AE987D /* Products */,
			);
			sourceTree = "<group>";
		};
		A0C9B4692A4BA11E00AE987D /* Products */ = {
			isa = PBXGroup;
			children = (
				A0C9B4682A4BA11E00AE987D /* milles.app */,
				A0C9B4782A4BA12000AE987D /* millesTests.xctest */,
				A0C9B4822A4BA12000AE987D /* millesUITests.xctest */,
			);
			name = Products;
			sourceTree = "<group>";
		};
		A0C9B46A2A4BA11E00AE987D /* milles */ = {
			isa = PBXGroup;
			children = (
				A0C9B4972A4BA35900AE987D /* Previews */,
				A0C9B46B2A4BA11E00AE987D /* millesApp.swift */,
				A0C9B4982A4BA3F700AE987D /* MillesView.swift */,
				A0C9B46F2A4BA12000AE987D /* Assets.xcassets */,
				A0C9B4712A4BA12000AE987D /* Preview Content */,
			);
			path = milles;
			sourceTree = "<group>";
		};
		A0C9B4712A4BA12000AE987D /* Preview Content */ = {
			isa = PBXGroup;
			children = (
				A0C9B4722A4BA12000AE987D /* Preview Assets.xcassets */,
			);
			path = "Preview Content";
			sourceTree = "<group>";
		};
		A0C9B47B2A4BA12000AE987D /* millesTests */ = {
			isa = PBXGroup;
			children = (
				A0C9B47C2A4BA12000AE987D /* millesTests.swift */,
			);
			path = millesTests;
			sourceTree = "<group>";
		};
		A0C9B4852A4BA12000AE987D /* millesUITests */ = {
			isa = PBXGroup;
			children = (
				A0C9B4862A4BA12000AE987D /* millesUITests.swift */,
				A0C9B4882A4BA12000AE987D /* millesUITestsLaunchTests.swift */,
			);
			path = millesUITests;
			sourceTree = "<group>";
		};
		A0C9B4972A4BA35900AE987D /* Previews */ = {
			isa = PBXGroup;
			children = (
				A0C9B49A2A4BA43000AE987D /* MillesView_Preview.swift */,
			);
			name = Previews;
			sourceTree = "<group>";
		};
/* End PBXGroup section */

/* Begin PBXNativeTarget section */
		A0C9B4672A4BA11E00AE987D /* milles */ = {
			isa = PBXNativeTarget;
			buildConfigurationList = A0C9B48C2A4BA12000AE987D /* Build configuration list for PBXNativeTarget "milles" */;
			buildPhases = (
				A0C9B4642A4BA11E00AE987D /* Sources */,
				A0C9B4652A4BA11E00AE987D /* Frameworks */,
				A0C9B4662A4BA11E00AE987D /* Resources */,
			);
			buildRules = (
			);
			dependencies = (
			);
			name = milles;
			productName = milles;
			productReference = A0C9B4682A4BA11E00AE987D /* milles.app */;
			productType = "com.apple.product-type.application";
		};
		A0C9B4772A4BA12000AE987D /* millesTests */ = {
			isa = PBXNativeTarget;
			buildConfigurationList = A0C9B48F2A4BA12000AE987D /* Build configuration list for PBXNativeTarget "millesTests" */;
			buildPhases = (
				A0C9B4742A4BA12000AE987D /* Sources */,
				A0C9B4752A4BA12000AE987D /* Frameworks */,
				A0C9B4762A4BA12000AE987D /* Resources */,
			);
			buildRules = (
			);
			dependencies = (
				A0C9B47A2A4BA12000AE987D /* PBXTargetDependency */,
			);
			name = millesTests;
			productName = millesTests;
			productReference = A0C9B4782A4BA12000AE987D /* millesTests.xctest */;
			productType = "com.apple.product-type.bundle.unit-test";
		};
		A0C9B4812A4BA12000AE987D /* millesUITests */ = {
			isa = PBXNativeTarget;
			buildConfigurationList = A0C9B4922A4BA12000AE987D /* Build configuration list for PBXNativeTarget "millesUITests" */;
			buildPhases = (
				A0C9B47E2A4BA12000AE987D /* Sources */,
				A0C9B47F2A4BA12000AE987D /* Frameworks */,
				A0C9B4802A4BA12000AE987D /* Resources */,
			);
			buildRules = (
			);
			dependencies = (
				A0C9B4842A4BA12000AE987D /* PBXTargetDependency */,
			);
			name = millesUITests;
			productName = millesUITests;
			productReference = A0C9B4822A4BA12000AE987D /* millesUITests.xctest */;
			productType = "com.apple.product-type.bundle.ui-testing";
		};
/* End PBXNativeTarget section */

/* Begin PBXProject section */
		A0C9B4602A4BA11E00AE987D /* Project object */ = {
			isa = PBXProject;
			attributes = {
				BuildIndependentTargetsInParallel = 1;
				LastSwiftUpdateCheck = 1400;
				LastUpgradeCheck = 1400;
				TargetAttributes = {
					A0C9B4672A4BA11E00AE987D = {
						CreatedOnToolsVersion = 14.0.1;
					};
					A0C9B4772A4BA12000AE987D = {
						CreatedOnToolsVersion = 14.0.1;
						TestTargetID = A0C9B4672A4BA11E00AE987D;
					};
					A0C9B4812A4BA12000AE987D = {
						CreatedOnToolsVersion = 14.0.1;
						TestTargetID = A0C9B4672A4BA11E00AE987D;
					};
				};
			};
			buildConfigurationList = A0C9B4632A4BA11E00AE987D /* Build configuration list for PBXProject "milles" */;
			compatibilityVersion = "Xcode 14.0";
			developmentRegion = en;
			hasScannedForEncodings = 0;
			knownRegions = (
				en,
				Base,
			);
			mainGroup = A0C9B45F2A4BA11E00AE987D;
			productRefGroup = A0C9B4692A4BA11E00AE987D /* Products */;
			projectDirPath = "";
			projectRoot = "";
			targets = (
				A0C9B4672A4BA11E00AE987D /* milles */,
				A0C9B4772A4BA12000AE987D /* millesTests */,
				A0C9B4812A4BA12000AE987D /* millesUITests */,
			);
		};
/* End PBXProject section */

/* Begin PBXResourcesBuildPhase section */
		A0C9B4662A4BA11E00AE987D /* Resources */ = {
			isa = PBXResourcesBuildPhase;
			buildActionMask = 2147483647;
			files = (
				A0C9B4732A4BA12000AE987D /* Preview Assets.xcassets in Resources */,
				A0C9B4702A4BA12000AE987D /* Assets.xcassets in Resources */,
			);
			runOnlyForDeploymentPostprocessing = 0;
		};
		A0C9B4762A4BA12000AE987D /* Resources */ = {
			isa = PBXResourcesBuildPhase;
			buildActionMask = 2147483647;
			files = (
			);
			runOnlyForDeploymentPostprocessing = 0;
		};
		A0C9B4802A4BA12000AE987D /* Resources */ = {
			isa = PBXResourcesBuildPhase;
			buildActionMask = 2147483647;
			files = (
			);
			runOnlyForDeploymentPostprocessing = 0;
		};
/* End PBXResourcesBuildPhase section */

/* Begin PBXSourcesBuildPhase section */
		A0C9B4642A4BA11E00AE987D /* Sources */ = {
			isa = PBXSourcesBuildPhase;
			buildActionMask = 2147483647;
			files = (
				A0C9B4992A4BA3F700AE987D /* MillesView.swift in Sources */,
				A0C9B49B2A4BA43000AE987D /* MillesView_Preview.swift in Sources */,
				A0C9B46C2A4BA11E00AE987D /* millesApp.swift in Sources */,
			);
			runOnlyForDeploymentPostprocessing = 0;
		};
		A0C9B4742A4BA12000AE987D /* Sources */ = {
			isa = PBXSourcesBuildPhase;
			buildActionMask = 2147483647;
			files = (
				A0C9B47D2A4BA12000AE987D /* millesTests.swift in Sources */,
			);
			runOnlyForDeploymentPostprocessing = 0;
		};
		A0C9B47E2A4BA12000AE987D /* Sources */ = {
			isa = PBXSourcesBuildPhase;
			buildActionMask = 2147483647;
			files = (
				A0C9B4892A4BA12000AE987D /* millesUITestsLaunchTests.swift in Sources */,
				A0C9B4872A4BA12000AE987D /* millesUITests.swift in Sources */,
			);
			runOnlyForDeploymentPostprocessing = 0;
		};
/* End PBXSourcesBuildPhase section */

/* Begin PBXTargetDependency section */
		A0C9B47A2A4BA12000AE987D /* PBXTargetDependency */ = {
			isa = PBXTargetDependency;
			target = A0C9B4672A4BA11E00AE987D /* milles */;
			targetProxy = A0C9B4792A4BA12000AE987D /* PBXContainerItemProxy */;
		};
		A0C9B4842A4BA12000AE987D /* PBXTargetDependency */ = {
			isa = PBXTargetDependency;
			target = A0C9B4672A4BA11E00AE987D /* milles */;
			targetProxy = A0C9B4832A4BA12000AE987D /* PBXContainerItemProxy */;
		};
/* End PBXTargetDependency section */

/* Begin XCBuildConfiguration section */
		A0C9B48A2A4BA12000AE987D /* Debug */ = {
			isa = XCBuildConfiguration;
			buildSettings = {
				ALWAYS_SEARCH_USER_PATHS = NO;
				CLANG_ANALYZER_NONNULL = YES;
				CLANG_ANALYZER_NUMBER_OBJECT_CONVERSION = YES_AGGRESSIVE;
				CLANG_CXX_LANGUAGE_STANDARD = "gnu++20";
				CLANG_ENABLE_MODULES = YES;
				CLANG_ENABLE_OBJC_ARC = YES;
				CLANG_ENABLE_OBJC_WEAK = YES;
				CLANG_WARN_BLOCK_CAPTURE_AUTORELEASING = YES;
				CLANG_WARN_BOOL_CONVERSION = YES;
				CLANG_WARN_COMMA = YES;
				CLANG_WARN_CONSTANT_CONVERSION = YES;
				CLANG_WARN_DEPRECATED_OBJC_IMPLEMENTATIONS = YES;
				CLANG_WARN_DIRECT_OBJC_ISA_USAGE = YES_ERROR;
				CLANG_WARN_DOCUMENTATION_COMMENTS = YES;
				CLANG_WARN_EMPTY_BODY = YES;
				CLANG_WARN_ENUM_CONVERSION = YES;
				CLANG_WARN_INFINITE_RECURSION = YES;
				CLANG_WARN_INT_CONVERSION = YES;
				CLANG_WARN_NON_LITERAL_NULL_CONVERSION = YES;
				CLANG_WARN_OBJC_IMPLICIT_RETAIN_SELF = YES;
				CLANG_WARN_OBJC_LITERAL_CONVERSION = YES;
				CLANG_WARN_OBJC_ROOT_CLASS = YES_ERROR;
				CLANG_WARN_QUOTED_INCLUDE_IN_FRAMEWORK_HEADER = YES;
				CLANG_WARN_RANGE_LOOP_ANALYSIS = YES;
				CLANG_WARN_STRICT_PROTOTYPES = YES;
				CLANG_WARN_SUSPICIOUS_MOVE = YES;
				CLANG_WARN_UNGUARDED_AVAILABILITY = YES_AGGRESSIVE;
				CLANG_WARN_UNREACHABLE_CODE = YES;
				CLANG_WARN__DUPLICATE_METHOD_MATCH = YES;
				COPY_PHASE_STRIP = NO;
				DEBUG_INFORMATION_FORMAT = dwarf;
				ENABLE_STRICT_OBJC_MSGSEND = YES;
				ENABLE_TESTABILITY = YES;
				GCC_C_LANGUAGE_STANDARD = gnu11;
				GCC_DYNAMIC_NO_PIC = NO;
				GCC_NO_COMMON_BLOCKS = YES;
				GCC_OPTIMIZATION_LEVEL = 0;
				GCC_PREPROCESSOR_DEFINITIONS = (
					"DEBUG=1",
					"$(inherited)",
				);
				GCC_WARN_64_TO_32_BIT_CONVERSION = YES;
				GCC_WARN_ABOUT_RETURN_TYPE = YES_ERROR;
				GCC_WARN_UNDECLARED_SELECTOR = YES;
				GCC_WARN_UNINITIALIZED_AUTOS = YES_AGGRESSIVE;
				GCC_WARN_UNUSED_FUNCTION = YES;
				GCC_WARN_UNUSED_VARIABLE = YES;
				IPHONEOS_DEPLOYMENT_TARGET = 16.0;
				MTL_ENABLE_DEBUG_INFO = INCLUDE_SOURCE;
				MTL_FAST_MATH = YES;
				ONLY_ACTIVE_ARCH = YES;
				SDKROOT = iphoneos;
				SWIFT_ACTIVE_COMPILATION_CONDITIONS = DEBUG;
				SWIFT_OPTIMIZATION_LEVEL = "-Onone";
			};
			name = Debug;
		};
		A0C9B48B2A4BA12000AE987D /* Release */ = {
			isa = XCBuildConfiguration;
			buildSettings = {
				ALWAYS_SEARCH_USER_PATHS = NO;
				CLANG_ANALYZER_NONNULL = YES;
				CLANG_ANALYZER_NUMBER_OBJECT_CONVERSION = YES_AGGRESSIVE;
				CLANG_CXX_LANGUAGE_STANDARD = "gnu++20";
				CLANG_ENABLE_MODULES = YES;
				CLANG_ENABLE_OBJC_ARC = YES;
				CLANG_ENABLE_OBJC_WEAK = YES;
				CLANG_WARN_BLOCK_CAPTURE_AUTORELEASING = YES;
				CLANG_WARN_BOOL_CONVERSION = YES;
				CLANG_WARN_COMMA = YES;
				CLANG_WARN_CONSTANT_CONVERSION = YES;
				CLANG_WARN_DEPRECATED_OBJC_IMPLEMENTATIONS = YES;
				CLANG_WARN_DIRECT_OBJC_ISA_USAGE = YES_ERROR;
				CLANG_WARN_DOCUMENTATION_COMMENTS = YES;
				CLANG_WARN_EMPTY_BODY = YES;
				CLANG_WARN_ENUM_CONVERSION = YES;
				CLANG_WARN_INFINITE_RECURSION = YES;
				CLANG_WARN_INT_CONVERSION = YES;
				CLANG_WARN_NON_LITERAL_NULL_CONVERSION = YES;
				CLANG_WARN_OBJC_IMPLICIT_RETAIN_SELF = YES;
				CLANG_WARN_OBJC_LITERAL_CONVERSION = YES;
				CLANG_WARN_OBJC_ROOT_CLASS = YES_ERROR;
				CLANG_WARN_QUOTED_INCLUDE_IN_FRAMEWORK_HEADER = YES;
				CLANG_WARN_RANGE_LOOP_ANALYSIS = YES;
				CLANG_WARN_STRICT_PROTOTYPES = YES;
				CLANG_WARN_SUSPICIOUS_MOVE = YES;
				CLANG_WARN_UNGUARDED_AVAILABILITY = YES_AGGRESSIVE;
				CLANG_WARN_UNREACHABLE_CODE = YES;
				CLANG_WARN__DUPLICATE_METHOD_MATCH = YES;
				COPY_PHASE_STRIP = NO;
				DEBUG_INFORMATION_FORMAT = "dwarf-with-dsym";
				ENABLE_NS_ASSERTIONS = NO;
				ENABLE_STRICT_OBJC_MSGSEND = YES;
				GCC_C_LANGUAGE_STANDARD = gnu11;
				GCC_NO_COMMON_BLOCKS = YES;
				GCC_WARN_64_TO_32_BIT_CONVERSION = YES;
				GCC_WARN_ABOUT_RETURN_TYPE = YES_ERROR;
				GCC_WARN_UNDECLARED_SELECTOR = YES;
				GCC_WARN_UNINITIALIZED_AUTOS = YES_AGGRESSIVE;
				GCC_WARN_UNUSED_FUNCTION = YES;
				GCC_WARN_UNUSED_VARIABLE = YES;
				IPHONEOS_DEPLOYMENT_TARGET = 16.0;
				MTL_ENABLE_DEBUG_INFO = NO;
				MTL_FAST_MATH = YES;
				SDKROOT = iphoneos;
				SWIFT_COMPILATION_MODE = wholemodule;
				SWIFT_OPTIMIZATION_LEVEL = "-O";
				VALIDATE_PRODUCT = YES;
			};
			name = Release;
		};
		A0C9B48D2A4BA12000AE987D /* Debug */ = {
			isa = XCBuildConfiguration;
			buildSettings = {
				ASSETCATALOG_COMPILER_APPICON_NAME = AppIcon;
				ASSETCATALOG_COMPILER_GLOBAL_ACCENT_COLOR_NAME = AccentColor;
				CODE_SIGN_STYLE = Automatic;
				CURRENT_PROJECT_VERSION = 1;
				DEVELOPMENT_ASSET_PATHS = "\"milles/Preview Content\"";
				DEVELOPMENT_TEAM = TE2K4HU5LD;
				ENABLE_PREVIEWS = YES;
				GENERATE_INFOPLIST_FILE = YES;
				INFOPLIST_KEY_UIApplicationSceneManifest_Generation = YES;
				INFOPLIST_KEY_UIApplicationSupportsIndirectInputEvents = YES;
				INFOPLIST_KEY_UILaunchScreen_Generation = YES;
				INFOPLIST_KEY_UISupportedInterfaceOrientations_iPad = "UIInterfaceOrientationPortrait UIInterfaceOrientationPortraitUpsideDown UIInterfaceOrientationLandscapeLeft UIInterfaceOrientationLandscapeRight";
				INFOPLIST_KEY_UISupportedInterfaceOrientations_iPhone = "UIInterfaceOrientationPortrait UIInterfaceOrientationLandscapeLeft UIInterfaceOrientationLandscapeRight";
				LD_RUNPATH_SEARCH_PATHS = (
					"$(inherited)",
					"@executable_path/Frameworks",
				);
				MARKETING_VERSION = 1.0;
				PRODUCT_BUNDLE_IDENTIFIER = com.carlosvalarezo.milles;
				PRODUCT_NAME = "$(TARGET_NAME)";
				SWIFT_EMIT_LOC_STRINGS = YES;
				SWIFT_VERSION = 5.0;
				TARGETED_DEVICE_FAMILY = "1,2";
			};
			name = Debug;
		};
		A0C9B48E2A4BA12000AE987D /* Release */ = {
			isa = XCBuildConfiguration;
			buildSettings = {
				ASSETCATALOG_COMPILER_APPICON_NAME = AppIcon;
				ASSETCATALOG_COMPILER_GLOBAL_ACCENT_COLOR_NAME = AccentColor;
				CODE_SIGN_STYLE = Automatic;
				CURRENT_PROJECT_VERSION = 1;
				DEVELOPMENT_ASSET_PATHS = "\"milles/Preview Content\"";
				DEVELOPMENT_TEAM = TE2K4HU5LD;
				ENABLE_PREVIEWS = YES;
				GENERATE_INFOPLIST_FILE = YES;
				INFOPLIST_KEY_UIApplicationSceneManifest_Generation = YES;
				INFOPLIST_KEY_UIApplicationSupportsIndirectInputEvents = YES;
				INFOPLIST_KEY_UILaunchScreen_Generation = YES;
				INFOPLIST_KEY_UISupportedInterfaceOrientations_iPad = "UIInterfaceOrientationPortrait UIInterfaceOrientationPortraitUpsideDown UIInterfaceOrientationLandscapeLeft UIInterfaceOrientationLandscapeRight";
				INFOPLIST_KEY_UISupportedInterfaceOrientations_iPhone = "UIInterfaceOrientationPortrait UIInterfaceOrientationLandscapeLeft UIInterfaceOrientationLandscapeRight";
				LD_RUNPATH_SEARCH_PATHS = (
					"$(inherited)",
					"@executable_path/Frameworks",
				);
				MARKETING_VERSION = 1.0;
				PRODUCT_BUNDLE_IDENTIFIER = com.carlosvalarezo.milles;
				PRODUCT_NAME = "$(TARGET_NAME)";
				SWIFT_EMIT_LOC_STRINGS = YES;
				SWIFT_VERSION = 5.0;
				TARGETED_DEVICE_FAMILY = "1,2";
			};
			name = Release;
		};
		A0C9B4902A4BA12000AE987D /* Debug */ = {
			isa = XCBuildConfiguration;
			buildSettings = {
				ALWAYS_EMBED_SWIFT_STANDARD_LIBRARIES = YES;
				BUNDLE_LOADER = "$(TEST_HOST)";
				CODE_SIGN_STYLE = Automatic;
				CURRENT_PROJECT_VERSION = 1;
				DEVELOPMENT_TEAM = TE2K4HU5LD;
				GENERATE_INFOPLIST_FILE = YES;
				IPHONEOS_DEPLOYMENT_TARGET = 16.0;
				MARKETING_VERSION = 1.0;
				PRODUCT_BUNDLE_IDENTIFIER = com.carlosvalarezo.millesTests;
				PRODUCT_NAME = "$(TARGET_NAME)";
				SWIFT_EMIT_LOC_STRINGS = NO;
				SWIFT_VERSION = 5.0;
				TARGETED_DEVICE_FAMILY = "1,2";
				TEST_HOST = "$(BUILT_PRODUCTS_DIR)/milles.app/$(BUNDLE_EXECUTABLE_FOLDER_PATH)/milles";
			};
			name = Debug;
		};
		A0C9B4912A4BA12000AE987D /* Release */ = {
			isa = XCBuildConfiguration;
			buildSettings = {
				ALWAYS_EMBED_SWIFT_STANDARD_LIBRARIES = YES;
				BUNDLE_LOADER = "$(TEST_HOST)";
				CODE_SIGN_STYLE = Automatic;
				CURRENT_PROJECT_VERSION = 1;
				DEVELOPMENT_TEAM = TE2K4HU5LD;
				GENERATE_INFOPLIST_FILE = YES;
				IPHONEOS_DEPLOYMENT_TARGET = 16.0;
				MARKETING_VERSION = 1.0;
				PRODUCT_BUNDLE_IDENTIFIER = com.carlosvalarezo.millesTests;
				PRODUCT_NAME = "$(TARGET_NAME)";
				SWIFT_EMIT_LOC_STRINGS = NO;
				SWIFT_VERSION = 5.0;
				TARGETED_DEVICE_FAMILY = "1,2";
				TEST_HOST = "$(BUILT_PRODUCTS_DIR)/milles.app/$(BUNDLE_EXECUTABLE_FOLDER_PATH)/milles";
			};
			name = Release;
		};
		A0C9B4932A4BA12000AE987D /* Debug */ = {
			isa = XCBuildConfiguration;
			buildSettings = {
				ALWAYS_EMBED_SWIFT_STANDARD_LIBRARIES = YES;
				CODE_SIGN_STYLE = Automatic;
				CURRENT_PROJECT_VERSION = 1;
				DEVELOPMENT_TEAM = TE2K4HU5LD;
				GENERATE_INFOPLIST_FILE = YES;
				MARKETING_VERSION = 1.0;
				PRODUCT_BUNDLE_IDENTIFIER = com.carlosvalarezo.millesUITests;
				PRODUCT_NAME = "$(TARGET_NAME)";
				SWIFT_EMIT_LOC_STRINGS = NO;
				SWIFT_VERSION = 5.0;
				TARGETED_DEVICE_FAMILY = "1,2";
				TEST_TARGET_NAME = milles;
			};
			name = Debug;
		};
		A0C9B4942A4BA12000AE987D /* Release */ = {
			isa = XCBuildConfiguration;
			buildSettings = {
				ALWAYS_EMBED_SWIFT_STANDARD_LIBRARIES = YES;
				CODE_SIGN_STYLE = Automatic;
				CURRENT_PROJECT_VERSION = 1;
				DEVELOPMENT_TEAM = TE2K4HU5LD;
				GENERATE_INFOPLIST_FILE = YES;
				MARKETING_VERSION = 1.0;
				PRODUCT_BUNDLE_IDENTIFIER = com.carlosvalarezo.millesUITests;
				PRODUCT_NAME = "$(TARGET_NAME)";
				SWIFT_EMIT_LOC_STRINGS = NO;
				SWIFT_VERSION = 5.0;
				TARGETED_DEVICE_FAMILY = "1,2";
				TEST_TARGET_NAME = milles;
			};
			name = Release;
		};
/* End XCBuildConfiguration section */

/* Begin XCConfigurationList section */
		A0C9B4632A4BA11E00AE987D /* Build configuration list for PBXProject "milles" */ = {
			isa = XCConfigurationList;
			buildConfigurations = (
				A0C9B48A2A4BA12000AE987D /* Debug */,
				A0C9B48B2A4BA12000AE987D /* Release */,
			);
			defaultConfigurationIsVisible = 0;
			defaultConfigurationName = Release;
		};
		A0C9B48C2A4BA12000AE987D /* Build configuration list for PBXNativeTarget "milles" */ = {
			isa = XCConfigurationList;
			buildConfigurations = (
				A0C9B48D2A4BA12000AE987D /* Debug */,
				A0C9B48E2A4BA12000AE987D /* Release */,
			);
			defaultConfigurationIsVisible = 0;
			defaultConfigurationName = Release;
		};
		A0C9B48F2A4BA12000AE987D /* Build configuration list for PBXNativeTarget "millesTests" */ = {
			isa = XCConfigurationList;
			buildConfigurations = (
				A0C9B4902A4BA12000AE987D /* Debug */,
				A0C9B4912A4BA12000AE987D /* Release */,
			);
			defaultConfigurationIsVisible = 0;
			defaultConfigurationName = Release;
		};
		A0C9B4922A4BA12000AE987D /* Build configuration list for PBXNativeTarget "millesUITests" */ = {
			isa = XCConfigurationList;
			buildConfigurations = (
				A0C9B4932A4BA12000AE987D /* Debug */,
				A0C9B4942A4BA12000AE987D /* Release */,
			);
			defaultConfigurationIsVisible = 0;
			defaultConfigurationName = Release;
		};
/* End XCConfigurationList section */
	};
	rootObject = A0C9B4602A4BA11E00AE987D /* Project object */;
}
